<Solution>
  <Configurations>
    <Platform Name="Any CPU" />
    <Platform Name="x64" />
    <Platform Name="x86" />
  </Configurations>
  <Folder Name="/src/">
    <Project Path="src/Croniq.Api/Croniq.Api.csproj" />
    <Project Path="src/Croniq.ApiHost/Croniq.ApiHost.csproj" />
    <Project Path="src/Croniq.Auth.Abstractions/Croniq.Auth.Abstractions.csproj" />
    <Project Path="src/Croniq.Auth.Core/Croniq.Auth.Core.csproj" />
    <Project Path="src/Croniq.Auth.Postgres/Croniq.Auth.Postgres.csproj" />
    <Project Path="src/Croniq.Auth.SqlServer/Croniq.Auth.SqlServer.csproj" />
    <Project Path="src/Croniq/Croniq.csproj" />
    <Project Path="src/Croniq.Core/Croniq.Core.csproj" />
    <Project Path="src/Croniq.Hosting/Croniq.Hosting.csproj" />
    <Project Path="src/Croniq.JobStore.InMemory/Croniq.JobStore.InMemory.csproj" />
    <Project Path="src/Croniq.Persistence.Abstractions/Croniq.Persistence.Abstractions.csproj" />
    <Project Path="src/Croniq.Persistence.Postgres/Croniq.Persistence.Postgres.csproj" />
    <Project Path="src/Croniq.Persistence.SqlServer/Croniq.Persistence.SqlServer.csproj" />
    <Project Path="src/Croniq.Providers.Abstractions/Croniq.Providers.Abstractions.csproj" />
    <Project Path="src/Croniq.Providers.Default/Croniq.Providers.Default.csproj" />
    <Project Path="src/Croniq.Runner.Sdk/Croniq.Runner.Sdk.csproj" />
    <Project Path="src/Croniq.Rpc.Client/Croniq.Rpc.Client.csproj" />
    <Project Path="src/Croniq.Sdk/Croniq.Sdk.csproj" />
    <Project Path="src/Croniq.Usings/Croniq.Usings.csproj" />
    <Project Path="src/Croniq.UiHost/Croniq.UiHost.csproj" />
    <Project Path="src/Croniq.Webhooks/Croniq.Webhooks.csproj" />
    <Project Path="src/Croniq.WebhooksHost/Croniq.WebhooksHost.csproj" />
    <Project Path="src/Croniq.WorkerHost/Croniq.WorkerHost.csproj" />
  </Folder>
  <Folder Name="/tests/">
    <Project Path="tests/Croniq.Api.Smoke/Croniq.Api.Smoke.csproj" />
    <Project Path="tests/Croniq.Api.Tests/Croniq.Api.Tests.csproj" />
    <Project Path="tests/Croniq.Core.Tests/Croniq.Core.Tests.csproj" />
    <Project Path="tests/Croniq.Hosting.Tests/Croniq.Hosting.Tests.csproj" />
    <Project Path="tests/Croniq.JobStore.InMemory.Tests/Croniq.JobStore.InMemory.Tests.csproj" />
    <Project Path="tests/Croniq.Observability.Tests/Croniq.Observability.Tests.csproj" />
    <Project Path="tests/Croniq.Persistence.Postgres.Tests/Croniq.Persistence.Postgres.Tests.csproj" />
    <Project Path="tests/Croniq.Persistence.SqlServer.Tests/Croniq.Persistence.SqlServer.Tests.csproj" />
    <Project Path="tests/Croniq.Providers.Default.Tests/Croniq.Providers.Default.Tests.csproj" />
    <Project Path="tests/Croniq.Runner.Sdk.Tests/Croniq.Runner.Sdk.Tests.csproj" />
    <Project Path="tests/Croniq.Sdk.Tests/Croniq.Sdk.Tests.csproj" />
    <Project Path="tests/Croniq.TestKit/Croniq.TestKit.csproj" />
    <Project Path="tests/Croniq.Webhooks.Tests/Croniq.Webhooks.Tests.csproj" />
  </Folder>
  <Folder Name="/tools/">
    <Project Path="tools/Croniq.Devstack.AppHost/Croniq.Devstack.AppHost.csproj" />
    <Project Path="tools/Croniq.DbMigrator/Croniq.DbMigrator.csproj" />
  </Folder>
  <Project Path="src/Croniq.Data.SqlServer/Croniq.Data.SqlServer.csproj" />
  <Project Path="src/Croniq.Data.Postgres/Croniq.Data.Postgres.csproj" />
</Solution>
