
Microsoft Visual Studio Solution File, Format Version 12.00
# Visual Studio Version 17
VisualStudioVersion = 17.5.2.0
MinimumVisualStudioVersion = 10.0.40219.1
Project("{2150E333-8FDC-42A3-9474-1A3956D46DE8}") = "src", "src", "{827E0CD3-B72D-47B6-A68D-7590B98EB39B}"
EndProject
Project("{FAE04EC0-301F-11D3-BF4B-00C04F79EFBC}") = "Croniq.Core", "src\Croniq.Core\Croniq.Core.csproj", "{7120913E-9E7B-6BB4-0F5A-35D149AD7A91}"
EndProject
Project("{FAE04EC0-301F-11D3-BF4B-00C04F79EFBC}") = "Croniq.Sdk", "src\Croniq.Sdk\Croniq.Sdk.csproj", "{4F92E66A-B56A-6EAB-998D-6DDA06EC3E93}"
EndProject
Project("{FAE04EC0-301F-11D3-BF4B-00C04F79EFBC}") = "Croniq.Persistence.Xtraq", "src\Croniq.Persistence.Xtraq\Croniq.Persistence.Xtraq.csproj", "{59A26A4E-3D74-4E2C-9E0D-5D2B1C5E3E0A}"
EndProject
Project("{2150E333-8FDC-42A3-9474-1A3956D46DE8}") = "tests", "tests", "{0AB3BF05-4346-4AA6-1389-037BE0695223}"
EndProject
Project("{FAE04EC0-301F-11D3-BF4B-00C04F79EFBC}") = "Croniq.Persistence.Xtraq.Tests", "tests\Croniq.Persistence.Xtraq.Tests\Croniq.Persistence.Xtraq.Tests.csproj", "{751936AE-A2DC-412A-A964-4B792420BAF3}"
EndProject
Project("{FAE04EC0-301F-11D3-BF4B-00C04F79EFBC}") = "Croniq.JobStore.InMemory", "src\Croniq.JobStore.InMemory\Croniq.JobStore.InMemory.csproj", "{42C1339B-D4FD-42C4-A08E-D060C0B2C239}"
EndProject
Project("{FAE04EC0-301F-11D3-BF4B-00C04F79EFBC}") = "Croniq.Persistence.Abstractions", "src\Croniq.Persistence.Abstractions\Croniq.Persistence.Abstractions.csproj", "{140C39EE-46B9-4AF3-AC5D-FFA378AF90EB}"
EndProject
Project("{FAE04EC0-301F-11D3-BF4B-00C04F79EFBC}") = "Croniq.JobStore.InMemory.Tests", "tests\Croniq.JobStore.InMemory.Tests\Croniq.JobStore.InMemory.Tests.csproj", "{6F822B18-73EF-4E26-BC02-4560F6E1C74A}"
EndProject
Project("{FAE04EC0-301F-11D3-BF4B-00C04F79EFBC}") = "Croniq.Core.Tests", "tests\Croniq.Core.Tests\Croniq.Core.Tests.csproj", "{5A211C19-F480-46F0-A38A-6782808F793D}"
EndProject
Project("{FAE04EC0-301F-11D3-BF4B-00C04F79EFBC}") = "Croniq.Providers.Abstractions", "src\Croniq.Providers.Abstractions\Croniq.Providers.Abstractions.csproj", "{789438E4-7424-4F25-88A2-823BAA9A93C9}"
EndProject
Project("{FAE04EC0-301F-11D3-BF4B-00C04F79EFBC}") = "Croniq.Providers.Default", "src\Croniq.Providers.Default\Croniq.Providers.Default.csproj", "{43181871-3A0E-4D34-86F3-61BD41067101}"
EndProject
Project("{FAE04EC0-301F-11D3-BF4B-00C04F79EFBC}") = "Croniq.Providers.Default.Tests", "tests\Croniq.Providers.Default.Tests\Croniq.Providers.Default.Tests.csproj", "{A0A7256A-0A9B-4A01-96C5-6BD4DDA57B61}"
EndProject
Project("{FAE04EC0-301F-11D3-BF4B-00C04F79EFBC}") = "Croniq.Api", "src\Croniq.Api\Croniq.Api.csproj", "{D7ADC43C-EA51-4927-B1B2-3FE17E25CC16}"
EndProject
Project("{FAE04EC0-301F-11D3-BF4B-00C04F79EFBC}") = "Croniq.Rpc.Client", "src\Croniq.Rpc.Client\Croniq.Rpc.Client.csproj", "{E7EB8D7E-E4F2-4F1A-8EE6-0F0A8194530E}"
EndProject
Global
	GlobalSection(SolutionConfigurationPlatforms) = preSolution
		Debug|Any CPU = Debug|Any CPU
		Debug|x64 = Debug|x64
		Debug|x86 = Debug|x86
		Release|Any CPU = Release|Any CPU
		Release|x64 = Release|x64
		Release|x86 = Release|x86
	EndGlobalSection
	GlobalSection(ProjectConfigurationPlatforms) = postSolution
		{7120913E-9E7B-6BB4-0F5A-35D149AD7A91}.Debug|Any CPU.ActiveCfg = Debug|Any CPU
		{7120913E-9E7B-6BB4-0F5A-35D149AD7A91}.Debug|Any CPU.Build.0 = Debug|Any CPU
		{7120913E-9E7B-6BB4-0F5A-35D149AD7A91}.Debug|x64.ActiveCfg = Debug|Any CPU
		{7120913E-9E7B-6BB4-0F5A-35D149AD7A91}.Debug|x64.Build.0 = Debug|Any CPU
		{7120913E-9E7B-6BB4-0F5A-35D149AD7A91}.Debug|x86.ActiveCfg = Debug|Any CPU
		{7120913E-9E7B-6BB4-0F5A-35D149AD7A91}.Debug|x86.Build.0 = Debug|Any CPU
		{7120913E-9E7B-6BB4-0F5A-35D149AD7A91}.Release|Any CPU.ActiveCfg = Release|Any CPU
		{7120913E-9E7B-6BB4-0F5A-35D149AD7A91}.Release|Any CPU.Build.0 = Release|Any CPU
		{7120913E-9E7B-6BB4-0F5A-35D149AD7A91}.Release|x64.ActiveCfg = Release|Any CPU
		{7120913E-9E7B-6BB4-0F5A-35D149AD7A91}.Release|x64.Build.0 = Release|Any CPU
		{7120913E-9E7B-6BB4-0F5A-35D149AD7A91}.Release|x86.ActiveCfg = Release|Any CPU
		{7120913E-9E7B-6BB4-0F5A-35D149AD7A91}.Release|x86.Build.0 = Release|Any CPU
		{4F92E66A-B56A-6EAB-998D-6DDA06EC3E93}.Debug|Any CPU.ActiveCfg = Debug|Any CPU
		{4F92E66A-B56A-6EAB-998D-6DDA06EC3E93}.Debug|Any CPU.Build.0 = Debug|Any CPU
		{4F92E66A-B56A-6EAB-998D-6DDA06EC3E93}.Debug|x64.ActiveCfg = Debug|Any CPU
		{4F92E66A-B56A-6EAB-998D-6DDA06EC3E93}.Debug|x64.Build.0 = Debug|Any CPU
		{4F92E66A-B56A-6EAB-998D-6DDA06EC3E93}.Debug|x86.ActiveCfg = Debug|Any CPU
		{4F92E66A-B56A-6EAB-998D-6DDA06EC3E93}.Debug|x86.Build.0 = Debug|Any CPU
		{4F92E66A-B56A-6EAB-998D-6DDA06EC3E93}.Release|Any CPU.ActiveCfg = Release|Any CPU
		{4F92E66A-B56A-6EAB-998D-6DDA06EC3E93}.Release|Any CPU.Build.0 = Release|Any CPU
		{4F92E66A-B56A-6EAB-998D-6DDA06EC3E93}.Release|x64.ActiveCfg = Release|Any CPU
		{4F92E66A-B56A-6EAB-998D-6DDA06EC3E93}.Release|x64.Build.0 = Release|Any CPU
		{4F92E66A-B56A-6EAB-998D-6DDA06EC3E93}.Release|x86.ActiveCfg = Release|Any CPU
		{4F92E66A-B56A-6EAB-998D-6DDA06EC3E93}.Release|x86.Build.0 = Release|Any CPU
		{59A26A4E-3D74-4E2C-9E0D-5D2B1C5E3E0A}.Debug|Any CPU.ActiveCfg = Debug|Any CPU
		{59A26A4E-3D74-4E2C-9E0D-5D2B1C5E3E0A}.Debug|Any CPU.Build.0 = Debug|Any CPU
		{59A26A4E-3D74-4E2C-9E0D-5D2B1C5E3E0A}.Debug|x64.ActiveCfg = Debug|Any CPU
		{59A26A4E-3D74-4E2C-9E0D-5D2B1C5E3E0A}.Debug|x64.Build.0 = Debug|Any CPU
		{59A26A4E-3D74-4E2C-9E0D-5D2B1C5E3E0A}.Debug|x86.ActiveCfg = Debug|Any CPU
		{59A26A4E-3D74-4E2C-9E0D-5D2B1C5E3E0A}.Debug|x86.Build.0 = Debug|Any CPU
		{59A26A4E-3D74-4E2C-9E0D-5D2B1C5E3E0A}.Release|Any CPU.ActiveCfg = Release|Any CPU
		{59A26A4E-3D74-4E2C-9E0D-5D2B1C5E3E0A}.Release|Any CPU.Build.0 = Release|Any CPU
		{59A26A4E-3D74-4E2C-9E0D-5D2B1C5E3E0A}.Release|x64.ActiveCfg = Release|Any CPU
		{59A26A4E-3D74-4E2C-9E0D-5D2B1C5E3E0A}.Release|x64.Build.0 = Release|Any CPU
		{59A26A4E-3D74-4E2C-9E0D-5D2B1C5E3E0A}.Release|x86.ActiveCfg = Release|Any CPU
		{59A26A4E-3D74-4E2C-9E0D-5D2B1C5E3E0A}.Release|x86.Build.0 = Release|Any CPU
		{751936AE-A2DC-412A-A964-4B792420BAF3}.Debug|Any CPU.ActiveCfg = Debug|Any CPU
		{751936AE-A2DC-412A-A964-4B792420BAF3}.Debug|Any CPU.Build.0 = Debug|Any CPU
		{751936AE-A2DC-412A-A964-4B792420BAF3}.Debug|x64.ActiveCfg = Debug|Any CPU
		{751936AE-A2DC-412A-A964-4B792420BAF3}.Debug|x64.Build.0 = Debug|Any CPU
		{751936AE-A2DC-412A-A964-4B792420BAF3}.Debug|x86.ActiveCfg = Debug|Any CPU
		{751936AE-A2DC-412A-A964-4B792420BAF3}.Debug|x86.Build.0 = Debug|Any CPU
		{751936AE-A2DC-412A-A964-4B792420BAF3}.Release|Any CPU.ActiveCfg = Release|Any CPU
		{751936AE-A2DC-412A-A964-4B792420BAF3}.Release|Any CPU.Build.0 = Release|Any CPU
		{751936AE-A2DC-412A-A964-4B792420BAF3}.Release|x64.ActiveCfg = Release|Any CPU
		{751936AE-A2DC-412A-A964-4B792420BAF3}.Release|x64.Build.0 = Release|Any CPU
		{751936AE-A2DC-412A-A964-4B792420BAF3}.Release|x86.ActiveCfg = Release|Any CPU
		{751936AE-A2DC-412A-A964-4B792420BAF3}.Release|x86.Build.0 = Release|Any CPU
		{42C1339B-D4FD-42C4-A08E-D060C0B2C239}.Debug|Any CPU.ActiveCfg = Debug|Any CPU
		{42C1339B-D4FD-42C4-A08E-D060C0B2C239}.Debug|Any CPU.Build.0 = Debug|Any CPU
		{42C1339B-D4FD-42C4-A08E-D060C0B2C239}.Debug|x64.ActiveCfg = Debug|Any CPU
		{42C1339B-D4FD-42C4-A08E-D060C0B2C239}.Debug|x64.Build.0 = Debug|Any CPU
		{42C1339B-D4FD-42C4-A08E-D060C0B2C239}.Debug|x86.ActiveCfg = Debug|Any CPU
		{42C1339B-D4FD-42C4-A08E-D060C0B2C239}.Debug|x86.Build.0 = Debug|Any CPU
		{42C1339B-D4FD-42C4-A08E-D060C0B2C239}.Release|Any CPU.ActiveCfg = Release|Any CPU
		{42C1339B-D4FD-42C4-A08E-D060C0B2C239}.Release|Any CPU.Build.0 = Release|Any CPU
		{42C1339B-D4FD-42C4-A08E-D060C0B2C239}.Release|x64.ActiveCfg = Release|Any CPU
		{42C1339B-D4FD-42C4-A08E-D060C0B2C239}.Release|x64.Build.0 = Release|Any CPU
		{42C1339B-D4FD-42C4-A08E-D060C0B2C239}.Release|x86.ActiveCfg = Release|Any CPU
		{42C1339B-D4FD-42C4-A08E-D060C0B2C239}.Release|x86.Build.0 = Release|Any CPU
		{140C39EE-46B9-4AF3-AC5D-FFA378AF90EB}.Debug|Any CPU.ActiveCfg = Debug|Any CPU
		{140C39EE-46B9-4AF3-AC5D-FFA378AF90EB}.Debug|Any CPU.Build.0 = Debug|Any CPU
		{140C39EE-46B9-4AF3-AC5D-FFA378AF90EB}.Debug|x64.ActiveCfg = Debug|Any CPU
		{140C39EE-46B9-4AF3-AC5D-FFA378AF90EB}.Debug|x64.Build.0 = Debug|Any CPU
		{140C39EE-46B9-4AF3-AC5D-FFA378AF90EB}.Debug|x86.ActiveCfg = Debug|Any CPU
		{140C39EE-46B9-4AF3-AC5D-FFA378AF90EB}.Debug|x86.Build.0 = Debug|Any CPU
		{140C39EE-46B9-4AF3-AC5D-FFA378AF90EB}.Release|Any CPU.ActiveCfg = Release|Any CPU
		{140C39EE-46B9-4AF3-AC5D-FFA378AF90EB}.Release|Any CPU.Build.0 = Release|Any CPU
		{140C39EE-46B9-4AF3-AC5D-FFA378AF90EB}.Release|x64.ActiveCfg = Release|Any CPU
		{140C39EE-46B9-4AF3-AC5D-FFA378AF90EB}.Release|x64.Build.0 = Release|Any CPU
		{140C39EE-46B9-4AF3-AC5D-FFA378AF90EB}.Release|x86.ActiveCfg = Release|Any CPU
		{140C39EE-46B9-4AF3-AC5D-FFA378AF90EB}.Release|x86.Build.0 = Release|Any CPU
		{6F822B18-73EF-4E26-BC02-4560F6E1C74A}.Debug|Any CPU.ActiveCfg = Debug|Any CPU
		{6F822B18-73EF-4E26-BC02-4560F6E1C74A}.Debug|Any CPU.Build.0 = Debug|Any CPU
		{6F822B18-73EF-4E26-BC02-4560F6E1C74A}.Debug|x64.ActiveCfg = Debug|Any CPU
		{6F822B18-73EF-4E26-BC02-4560F6E1C74A}.Debug|x64.Build.0 = Debug|Any CPU
		{6F822B18-73EF-4E26-BC02-4560F6E1C74A}.Debug|x86.ActiveCfg = Debug|Any CPU
		{6F822B18-73EF-4E26-BC02-4560F6E1C74A}.Debug|x86.Build.0 = Debug|Any CPU
		{6F822B18-73EF-4E26-BC02-4560F6E1C74A}.Release|Any CPU.ActiveCfg = Release|Any CPU
		{6F822B18-73EF-4E26-BC02-4560F6E1C74A}.Release|Any CPU.Build.0 = Release|Any CPU
		{6F822B18-73EF-4E26-BC02-4560F6E1C74A}.Release|x64.ActiveCfg = Release|Any CPU
		{6F822B18-73EF-4E26-BC02-4560F6E1C74A}.Release|x64.Build.0 = Release|Any CPU
		{6F822B18-73EF-4E26-BC02-4560F6E1C74A}.Release|x86.ActiveCfg = Release|Any CPU
		{6F822B18-73EF-4E26-BC02-4560F6E1C74A}.Release|x86.Build.0 = Release|Any CPU
		{5A211C19-F480-46F0-A38A-6782808F793D}.Debug|Any CPU.ActiveCfg = Debug|Any CPU
		{5A211C19-F480-46F0-A38A-6782808F793D}.Debug|Any CPU.Build.0 = Debug|Any CPU
		{5A211C19-F480-46F0-A38A-6782808F793D}.Debug|x64.ActiveCfg = Debug|Any CPU
		{5A211C19-F480-46F0-A38A-6782808F793D}.Debug|x64.Build.0 = Debug|Any CPU
		{5A211C19-F480-46F0-A38A-6782808F793D}.Debug|x86.ActiveCfg = Debug|Any CPU
		{5A211C19-F480-46F0-A38A-6782808F793D}.Debug|x86.Build.0 = Debug|Any CPU
		{5A211C19-F480-46F0-A38A-6782808F793D}.Release|Any CPU.ActiveCfg = Release|Any CPU
		{5A211C19-F480-46F0-A38A-6782808F793D}.Release|Any CPU.Build.0 = Release|Any CPU
		{5A211C19-F480-46F0-A38A-6782808F793D}.Release|x64.ActiveCfg = Release|Any CPU
		{5A211C19-F480-46F0-A38A-6782808F793D}.Release|x64.Build.0 = Release|Any CPU
		{5A211C19-F480-46F0-A38A-6782808F793D}.Release|x86.ActiveCfg = Release|Any CPU
		{5A211C19-F480-46F0-A38A-6782808F793D}.Release|x86.Build.0 = Release|Any CPU
		{789438E4-7424-4F25-88A2-823BAA9A93C9}.Debug|Any CPU.ActiveCfg = Debug|Any CPU
		{789438E4-7424-4F25-88A2-823BAA9A93C9}.Debug|Any CPU.Build.0 = Debug|Any CPU
		{789438E4-7424-4F25-88A2-823BAA9A93C9}.Debug|x64.ActiveCfg = Debug|Any CPU
		{789438E4-7424-4F25-88A2-823BAA9A93C9}.Debug|x64.Build.0 = Debug|Any CPU
		{789438E4-7424-4F25-88A2-823BAA9A93C9}.Debug|x86.ActiveCfg = Debug|Any CPU
		{789438E4-7424-4F25-88A2-823BAA9A93C9}.Debug|x86.Build.0 = Debug|Any CPU
		{789438E4-7424-4F25-88A2-823BAA9A93C9}.Release|Any CPU.ActiveCfg = Release|Any CPU
		{789438E4-7424-4F25-88A2-823BAA9A93C9}.Release|Any CPU.Build.0 = Release|Any CPU
		{789438E4-7424-4F25-88A2-823BAA9A93C9}.Release|x64.ActiveCfg = Release|Any CPU
		{789438E4-7424-4F25-88A2-823BAA9A93C9}.Release|x64.Build.0 = Release|Any CPU
		{789438E4-7424-4F25-88A2-823BAA9A93C9}.Release|x86.ActiveCfg = Release|Any CPU
		{789438E4-7424-4F25-88A2-823BAA9A93C9}.Release|x86.Build.0 = Release|Any CPU
		{43181871-3A0E-4D34-86F3-61BD41067101}.Debug|Any CPU.ActiveCfg = Debug|Any CPU
		{43181871-3A0E-4D34-86F3-61BD41067101}.Debug|Any CPU.Build.0 = Debug|Any CPU
		{43181871-3A0E-4D34-86F3-61BD41067101}.Debug|x64.ActiveCfg = Debug|Any CPU
		{43181871-3A0E-4D34-86F3-61BD41067101}.Debug|x64.Build.0 = Debug|Any CPU
		{43181871-3A0E-4D34-86F3-61BD41067101}.Debug|x86.ActiveCfg = Debug|Any CPU
		{43181871-3A0E-4D34-86F3-61BD41067101}.Debug|x86.Build.0 = Debug|Any CPU
		{43181871-3A0E-4D34-86F3-61BD41067101}.Release|Any CPU.ActiveCfg = Release|Any CPU
		{43181871-3A0E-4D34-86F3-61BD41067101}.Release|Any CPU.Build.0 = Release|Any CPU
		{43181871-3A0E-4D34-86F3-61BD41067101}.Release|x64.ActiveCfg = Release|Any CPU
		{43181871-3A0E-4D34-86F3-61BD41067101}.Release|x64.Build.0 = Release|Any CPU
		{43181871-3A0E-4D34-86F3-61BD41067101}.Release|x86.ActiveCfg = Release|Any CPU
		{43181871-3A0E-4D34-86F3-61BD41067101}.Release|x86.Build.0 = Release|Any CPU
		{A0A7256A-0A9B-4A01-96C5-6BD4DDA57B61}.Debug|Any CPU.ActiveCfg = Debug|Any CPU
		{A0A7256A-0A9B-4A01-96C5-6BD4DDA57B61}.Debug|Any CPU.Build.0 = Debug|Any CPU
		{A0A7256A-0A9B-4A01-96C5-6BD4DDA57B61}.Debug|x64.ActiveCfg = Debug|Any CPU
		{A0A7256A-0A9B-4A01-96C5-6BD4DDA57B61}.Debug|x64.Build.0 = Debug|Any CPU
		{A0A7256A-0A9B-4A01-96C5-6BD4DDA57B61}.Debug|x86.ActiveCfg = Debug|Any CPU
		{A0A7256A-0A9B-4A01-96C5-6BD4DDA57B61}.Debug|x86.Build.0 = Debug|Any CPU
		{A0A7256A-0A9B-4A01-96C5-6BD4DDA57B61}.Release|Any CPU.ActiveCfg = Release|Any CPU
		{A0A7256A-0A9B-4A01-96C5-6BD4DDA57B61}.Release|Any CPU.Build.0 = Release|Any CPU
		{A0A7256A-0A9B-4A01-96C5-6BD4DDA57B61}.Release|x64.ActiveCfg = Release|Any CPU
		{A0A7256A-0A9B-4A01-96C5-6BD4DDA57B61}.Release|x64.Build.0 = Release|Any CPU
		{A0A7256A-0A9B-4A01-96C5-6BD4DDA57B61}.Release|x86.ActiveCfg = Release|Any CPU
		{A0A7256A-0A9B-4A01-96C5-6BD4DDA57B61}.Release|x86.Build.0 = Release|Any CPU
		{D7ADC43C-EA51-4927-B1B2-3FE17E25CC16}.Debug|Any CPU.ActiveCfg = Debug|Any CPU
		{D7ADC43C-EA51-4927-B1B2-3FE17E25CC16}.Debug|Any CPU.Build.0 = Debug|Any CPU
		{D7ADC43C-EA51-4927-B1B2-3FE17E25CC16}.Debug|x64.ActiveCfg = Debug|Any CPU
		{D7ADC43C-EA51-4927-B1B2-3FE17E25CC16}.Debug|x64.Build.0 = Debug|Any CPU
		{D7ADC43C-EA51-4927-B1B2-3FE17E25CC16}.Debug|x86.ActiveCfg = Debug|Any CPU
		{D7ADC43C-EA51-4927-B1B2-3FE17E25CC16}.Debug|x86.Build.0 = Debug|Any CPU
		{D7ADC43C-EA51-4927-B1B2-3FE17E25CC16}.Release|Any CPU.ActiveCfg = Release|Any CPU
		{D7ADC43C-EA51-4927-B1B2-3FE17E25CC16}.Release|Any CPU.Build.0 = Release|Any CPU
		{D7ADC43C-EA51-4927-B1B2-3FE17E25CC16}.Release|x64.ActiveCfg = Release|Any CPU
		{D7ADC43C-EA51-4927-B1B2-3FE17E25CC16}.Release|x64.Build.0 = Release|Any CPU
		{D7ADC43C-EA51-4927-B1B2-3FE17E25CC16}.Release|x86.ActiveCfg = Release|Any CPU
		{D7ADC43C-EA51-4927-B1B2-3FE17E25CC16}.Release|x86.Build.0 = Release|Any CPU
		{E7EB8D7E-E4F2-4F1A-8EE6-0F0A8194530E}.Debug|Any CPU.ActiveCfg = Debug|Any CPU
		{E7EB8D7E-E4F2-4F1A-8EE6-0F0A8194530E}.Debug|Any CPU.Build.0 = Debug|Any CPU
		{E7EB8D7E-E4F2-4F1A-8EE6-0F0A8194530E}.Debug|x64.ActiveCfg = Debug|Any CPU
		{E7EB8D7E-E4F2-4F1A-8EE6-0F0A8194530E}.Debug|x64.Build.0 = Debug|Any CPU
		{E7EB8D7E-E4F2-4F1A-8EE6-0F0A8194530E}.Debug|x86.ActiveCfg = Debug|Any CPU
		{E7EB8D7E-E4F2-4F1A-8EE6-0F0A8194530E}.Debug|x86.Build.0 = Debug|Any CPU
		{E7EB8D7E-E4F2-4F1A-8EE6-0F0A8194530E}.Release|Any CPU.ActiveCfg = Release|Any CPU
		{E7EB8D7E-E4F2-4F1A-8EE6-0F0A8194530E}.Release|Any CPU.Build.0 = Release|Any CPU
		{E7EB8D7E-E4F2-4F1A-8EE6-0F0A8194530E}.Release|x64.ActiveCfg = Release|Any CPU
		{E7EB8D7E-E4F2-4F1A-8EE6-0F0A8194530E}.Release|x64.Build.0 = Release|Any CPU
		{E7EB8D7E-E4F2-4F1A-8EE6-0F0A8194530E}.Release|x86.ActiveCfg = Release|Any CPU
		{E7EB8D7E-E4F2-4F1A-8EE6-0F0A8194530E}.Release|x86.Build.0 = Release|Any CPU
	EndGlobalSection
	GlobalSection(SolutionProperties) = preSolution
		HideSolutionNode = FALSE
	EndGlobalSection
	GlobalSection(NestedProjects) = preSolution
		{7120913E-9E7B-6BB4-0F5A-35D149AD7A91} = {827E0CD3-B72D-47B6-A68D-7590B98EB39B}
		{4F92E66A-B56A-6EAB-998D-6DDA06EC3E93} = {827E0CD3-B72D-47B6-A68D-7590B98EB39B}
		{59A26A4E-3D74-4E2C-9E0D-5D2B1C5E3E0A} = {827E0CD3-B72D-47B6-A68D-7590B98EB39B}
		{751936AE-A2DC-412A-A964-4B792420BAF3} = {0AB3BF05-4346-4AA6-1389-037BE0695223}
		{42C1339B-D4FD-42C4-A08E-D060C0B2C239} = {827E0CD3-B72D-47B6-A68D-7590B98EB39B}
		{140C39EE-46B9-4AF3-AC5D-FFA378AF90EB} = {827E0CD3-B72D-47B6-A68D-7590B98EB39B}
		{6F822B18-73EF-4E26-BC02-4560F6E1C74A} = {0AB3BF05-4346-4AA6-1389-037BE0695223}
		{5A211C19-F480-46F0-A38A-6782808F793D} = {0AB3BF05-4346-4AA6-1389-037BE0695223}
		{789438E4-7424-4F25-88A2-823BAA9A93C9} = {827E0CD3-B72D-47B6-A68D-7590B98EB39B}
		{43181871-3A0E-4D34-86F3-61BD41067101} = {827E0CD3-B72D-47B6-A68D-7590B98EB39B}
		{A0A7256A-0A9B-4A01-96C5-6BD4DDA57B61} = {0AB3BF05-4346-4AA6-1389-037BE0695223}
		{D7ADC43C-EA51-4927-B1B2-3FE17E25CC16} = {827E0CD3-B72D-47B6-A68D-7590B98EB39B}
		{E7EB8D7E-E4F2-4F1A-8EE6-0F0A8194530E} = {827E0CD3-B72D-47B6-A68D-7590B98EB39B}
	EndGlobalSection
	GlobalSection(ExtensibilityGlobals) = postSolution
		SolutionGuid = {C7C79EEC-9CBF-407E-A9F8-231629560950}
	EndGlobalSection
EndGlobal
