
Microsoft Visual Studio Solution File, Format Version 12.00
# Visual Studio Version 17
VisualStudioVersion = 17.5.2.0
MinimumVisualStudioVersion = 10.0.40219.1
Project("{2150E333-8FDC-42A3-9474-1A3956D46DE8}") = "src", "src", "{827E0CD3-B72D-47B6-A68D-7590B98EB39B}"
EndProject
Project("{FAE04EC0-301F-11D3-BF4B-00C04F79EFBC}") = "Croniq.Core", "src\Croniq.Core\Croniq.Core.csproj", "{7120913E-9E7B-6BB4-0F5A-35D149AD7A91}"
EndProject
Project("{FAE04EC0-301F-11D3-BF4B-00C04F79EFBC}") = "Croniq.Sdk", "src\Croniq.Sdk\Croniq.Sdk.csproj", "{4F92E66A-B56A-6EAB-998D-6DDA06EC3E93}"
EndProject
Project("{FAE04EC0-301F-11D3-BF4B-00C04F79EFBC}") = "Croniq.Persistence.SqlServer", "src\Croniq.Persistence.SqlServer\Croniq.Persistence.SqlServer.csproj", "{8621B725-1A7C-49EC-9F07-6D2F63C87C52}"
EndProject
Project("{2150E333-8FDC-42A3-9474-1A3956D46DE8}") = "tests", "tests", "{0AB3BF05-4346-4AA6-1389-037BE0695223}"
EndProject
Project("{FAE04EC0-301F-11D3-BF4B-00C04F79EFBC}") = "Croniq.JobStore.InMemory", "src\Croniq.JobStore.InMemory\Croniq.JobStore.InMemory.csproj", "{42C1339B-D4FD-42C4-A08E-D060C0B2C239}"
EndProject
Project("{FAE04EC0-301F-11D3-BF4B-00C04F79EFBC}") = "Croniq.Persistence.Abstractions", "src\Croniq.Persistence.Abstractions\Croniq.Persistence.Abstractions.csproj", "{140C39EE-46B9-4AF3-AC5D-FFA378AF90EB}"
EndProject
Project("{FAE04EC0-301F-11D3-BF4B-00C04F79EFBC}") = "Croniq.JobStore.InMemory.Tests", "tests\Croniq.JobStore.InMemory.Tests\Croniq.JobStore.InMemory.Tests.csproj", "{6F822B18-73EF-4E26-BC02-4560F6E1C74A}"
EndProject
Project("{FAE04EC0-301F-11D3-BF4B-00C04F79EFBC}") = "Croniq.Core.Tests", "tests\Croniq.Core.Tests\Croniq.Core.Tests.csproj", "{5A211C19-F480-46F0-A38A-6782808F793D}"
EndProject
Project("{FAE04EC0-301F-11D3-BF4B-00C04F79EFBC}") = "Croniq.Providers.Abstractions", "src\Croniq.Providers.Abstractions\Croniq.Providers.Abstractions.csproj", "{789438E4-7424-4F25-88A2-823BAA9A93C9}"
EndProject
Project("{FAE04EC0-301F-11D3-BF4B-00C04F79EFBC}") = "Croniq.Providers.Default", "src\Croniq.Providers.Default\Croniq.Providers.Default.csproj", "{43181871-3A0E-4D34-86F3-61BD41067101}"
EndProject
Project("{FAE04EC0-301F-11D3-BF4B-00C04F79EFBC}") = "Croniq.Providers.Default.Tests", "tests\Croniq.Providers.Default.Tests\Croniq.Providers.Default.Tests.csproj", "{A0A7256A-0A9B-4A01-96C5-6BD4DDA57B61}"
EndProject
Project("{FAE04EC0-301F-11D3-BF4B-00C04F79EFBC}") = "Croniq.Api.Smoke", "tests\Croniq.Api.Smoke\Croniq.Api.Smoke.csproj", "{1F3A7AC9-5C24-4036-B981-8AA1870FBF0C}"
EndProject
Project("{FAE04EC0-301F-11D3-BF4B-00C04F79EFBC}") = "Croniq.Observability.Tests", "tests\Croniq.Observability.Tests\Croniq.Observability.Tests.csproj", "{3D73C7C4-279D-4F01-B0FD-CB10D5A490C4}"
EndProject
Project("{FAE04EC0-301F-11D3-BF4B-00C04F79EFBC}") = "Croniq.TestKit", "tests\Croniq.TestKit\Croniq.TestKit.csproj", "{AAE45EA8-8E7A-4EF1-A321-9E3F1574F11C}"
EndProject
Project("{FAE04EC0-301F-11D3-BF4B-00C04F79EFBC}") = "Croniq.Persistence.SqlServer.Tests", "tests\Croniq.Persistence.SqlServer.Tests\Croniq.Persistence.SqlServer.Tests.csproj", "{0E04E9B7-8D8E-4AC3-9D8D-78E40B3A1FAA}"
EndProject
Project("{FAE04EC0-301F-11D3-BF4B-00C04F79EFBC}") = "Croniq.Sample.Jobs", "samples\Croniq.Sample.Jobs\Croniq.Sample.Jobs.csproj", "{D5C2F1C2-5288-4C1B-9C67-612C8F024AE4}"
EndProject
Project("{FAE04EC0-301F-11D3-BF4B-00C04F79EFBC}") = "Croniq.Sample.WorkerHost", "samples\Croniq.Sample.WorkerHost\Croniq.Sample.WorkerHost.csproj", "{C5905BD4-ECE7-402C-B6C7-6ED8B1C0EDAD}"
EndProject
Project("{FAE04EC0-301F-11D3-BF4B-00C04F79EFBC}") = "Croniq.DbMigrator", "tools\Croniq.DbMigrator\Croniq.DbMigrator.csproj", "{02A10842-8085-4F7B-927C-42DDE3E331C4}"
EndProject
Project("{FAE04EC0-301F-11D3-BF4B-00C04F79EFBC}") = "Croniq.Api", "src\Croniq.Api\Croniq.Api.csproj", "{D7ADC43C-EA51-4927-B1B2-3FE17E25CC16}"
EndProject
Project("{FAE04EC0-301F-11D3-BF4B-00C04F79EFBC}") = "Croniq.Rpc.Client", "src\Croniq.Rpc.Client\Croniq.Rpc.Client.csproj", "{E7EB8D7E-E4F2-4F1A-8EE6-0F0A8194530E}"
EndProject
Project("{FAE04EC0-301F-11D3-BF4B-00C04F79EFBC}") = "Croniq.Auth.Abstractions", "src\Croniq.Auth.Abstractions\Croniq.Auth.Abstractions.csproj", "{588D2326-BAD8-473A-B421-DB8381512A21}"
EndProject
Project("{FAE04EC0-301F-11D3-BF4B-00C04F79EFBC}") = "Croniq.Data.SqlServer", "src\Croniq.Data.SqlServer\Croniq.Data.SqlServer.csproj", "{2B94F94A-CEBC-4E82-9C72-8E90B518D4E4}"
EndProject
Project("{FAE04EC0-301F-11D3-BF4B-00C04F79EFBC}") = "Croniq.Auth.Core", "src\Croniq.Auth.Core\Croniq.Auth.Core.csproj", "{496E71DD-953D-4DC9-B497-7A1D584FFB19}"
EndProject
Project("{FAE04EC0-301F-11D3-BF4B-00C04F79EFBC}") = "Croniq.Auth.SqlServer", "src\Croniq.Auth.SqlServer\Croniq.Auth.SqlServer.csproj", "{0FEBE980-4A09-4CB1-9B31-3A11674538C8}"
EndProject
Project("{2150E333-8FDC-42A3-9474-1A3956D46DE8}") = "samples", "samples", "{5D20AA90-6969-D8BD-9DCD-8634F4692FDA}"
EndProject
Project("{2150E333-8FDC-42A3-9474-1A3956D46DE8}") = "tools", "tools", "{6E2FE062-9B99-4A8E-94A4-8F13086D3112}"
EndProject
Project("{FAE04EC0-301F-11D3-BF4B-00C04F79EFBC}") = "Croniq.Sample.ApiHost", "samples\Croniq.Sample.ApiHost\Croniq.Sample.ApiHost.csproj", "{B78A93BF-68C0-4BB0-BFE6-1C700EA19643}"
EndProject
Project("{FAE04EC0-301F-11D3-BF4B-00C04F79EFBC}") = "Croniq.Sample.GrpcClient", "samples\Croniq.Sample.GrpcClient\Croniq.Sample.GrpcClient.csproj", "{1FB4C8F4-BA00-4840-9D04-C34301CE594C}"
EndProject
Project("{FAE04EC0-301F-11D3-BF4B-00C04F79EFBC}") = "Croniq.Hosting", "src\Croniq.Hosting\Croniq.Hosting.csproj", "{D128A4DC-5546-4C2A-86B9-5E650D774CA5}"
EndProject
Project("{FAE04EC0-301F-11D3-BF4B-00C04F79EFBC}") = "Croniq.Webhooks", "src\Croniq.Webhooks\Croniq.Webhooks.csproj", "{9FE947F8-2283-433D-ABCC-76BC45FB5A73}"
EndProject
Project("{FAE04EC0-301F-11D3-BF4B-00C04F79EFBC}") = "Croniq.Api.Tests", "tests\Croniq.Api.Tests\Croniq.Api.Tests.csproj", "{4DD681E2-C9DF-4E77-BF8F-C4BC79022CCD}"
EndProject
Project("{FAE04EC0-301F-11D3-BF4B-00C04F79EFBC}") = "Croniq.Sdk.Tests", "tests\Croniq.Sdk.Tests\Croniq.Sdk.Tests.csproj", "{91D993F9-F54D-4F43-B54E-35E03570F8D9}"
EndProject
Global
	GlobalSection(SolutionConfigurationPlatforms) = preSolution
		Debug|Any CPU = Debug|Any CPU
		Debug|x64 = Debug|x64
		Debug|x86 = Debug|x86
		Release|Any CPU = Release|Any CPU
		Release|x64 = Release|x64
		Release|x86 = Release|x86
	EndGlobalSection
	GlobalSection(ProjectConfigurationPlatforms) = postSolution
		{7120913E-9E7B-6BB4-0F5A-35D149AD7A91}.Debug|Any CPU.ActiveCfg = Debug|Any CPU
		{7120913E-9E7B-6BB4-0F5A-35D149AD7A91}.Debug|Any CPU.Build.0 = Debug|Any CPU
		{7120913E-9E7B-6BB4-0F5A-35D149AD7A91}.Debug|x64.ActiveCfg = Debug|Any CPU
		{7120913E-9E7B-6BB4-0F5A-35D149AD7A91}.Debug|x64.Build.0 = Debug|Any CPU
		{7120913E-9E7B-6BB4-0F5A-35D149AD7A91}.Debug|x86.ActiveCfg = Debug|Any CPU
		{7120913E-9E7B-6BB4-0F5A-35D149AD7A91}.Debug|x86.Build.0 = Debug|Any CPU
		{7120913E-9E7B-6BB4-0F5A-35D149AD7A91}.Release|Any CPU.ActiveCfg = Release|Any CPU
		{7120913E-9E7B-6BB4-0F5A-35D149AD7A91}.Release|Any CPU.Build.0 = Release|Any CPU
		{7120913E-9E7B-6BB4-0F5A-35D149AD7A91}.Release|x64.ActiveCfg = Release|Any CPU
		{7120913E-9E7B-6BB4-0F5A-35D149AD7A91}.Release|x64.Build.0 = Release|Any CPU
		{7120913E-9E7B-6BB4-0F5A-35D149AD7A91}.Release|x86.ActiveCfg = Release|Any CPU
		{7120913E-9E7B-6BB4-0F5A-35D149AD7A91}.Release|x86.Build.0 = Release|Any CPU
		{4F92E66A-B56A-6EAB-998D-6DDA06EC3E93}.Debug|Any CPU.ActiveCfg = Debug|Any CPU
		{4F92E66A-B56A-6EAB-998D-6DDA06EC3E93}.Debug|Any CPU.Build.0 = Debug|Any CPU
		{4F92E66A-B56A-6EAB-998D-6DDA06EC3E93}.Debug|x64.ActiveCfg = Debug|Any CPU
		{4F92E66A-B56A-6EAB-998D-6DDA06EC3E93}.Debug|x64.Build.0 = Debug|Any CPU
		{4F92E66A-B56A-6EAB-998D-6DDA06EC3E93}.Debug|x86.ActiveCfg = Debug|Any CPU
		{4F92E66A-B56A-6EAB-998D-6DDA06EC3E93}.Debug|x86.Build.0 = Debug|Any CPU
		{4F92E66A-B56A-6EAB-998D-6DDA06EC3E93}.Release|Any CPU.ActiveCfg = Release|Any CPU
		{4F92E66A-B56A-6EAB-998D-6DDA06EC3E93}.Release|Any CPU.Build.0 = Release|Any CPU
		{4F92E66A-B56A-6EAB-998D-6DDA06EC3E93}.Release|x64.ActiveCfg = Release|Any CPU
		{4F92E66A-B56A-6EAB-998D-6DDA06EC3E93}.Release|x64.Build.0 = Release|Any CPU
		{4F92E66A-B56A-6EAB-998D-6DDA06EC3E93}.Release|x86.ActiveCfg = Release|Any CPU
		{4F92E66A-B56A-6EAB-998D-6DDA06EC3E93}.Release|x86.Build.0 = Release|Any CPU
		{8621B725-1A7C-49EC-9F07-6D2F63C87C52}.Debug|Any CPU.ActiveCfg = Debug|Any CPU
		{8621B725-1A7C-49EC-9F07-6D2F63C87C52}.Debug|Any CPU.Build.0 = Debug|Any CPU
		{8621B725-1A7C-49EC-9F07-6D2F63C87C52}.Debug|x64.ActiveCfg = Debug|Any CPU
		{8621B725-1A7C-49EC-9F07-6D2F63C87C52}.Debug|x64.Build.0 = Debug|Any CPU
		{8621B725-1A7C-49EC-9F07-6D2F63C87C52}.Debug|x86.ActiveCfg = Debug|Any CPU
		{8621B725-1A7C-49EC-9F07-6D2F63C87C52}.Debug|x86.Build.0 = Debug|Any CPU
		{8621B725-1A7C-49EC-9F07-6D2F63C87C52}.Release|Any CPU.ActiveCfg = Release|Any CPU
		{8621B725-1A7C-49EC-9F07-6D2F63C87C52}.Release|Any CPU.Build.0 = Release|Any CPU
		{8621B725-1A7C-49EC-9F07-6D2F63C87C52}.Release|x64.ActiveCfg = Release|Any CPU
		{8621B725-1A7C-49EC-9F07-6D2F63C87C52}.Release|x64.Build.0 = Release|Any CPU
		{8621B725-1A7C-49EC-9F07-6D2F63C87C52}.Release|x86.ActiveCfg = Release|Any CPU
		{8621B725-1A7C-49EC-9F07-6D2F63C87C52}.Release|x86.Build.0 = Release|Any CPU
		{42C1339B-D4FD-42C4-A08E-D060C0B2C239}.Debug|Any CPU.ActiveCfg = Debug|Any CPU
		{42C1339B-D4FD-42C4-A08E-D060C0B2C239}.Debug|Any CPU.Build.0 = Debug|Any CPU
		{42C1339B-D4FD-42C4-A08E-D060C0B2C239}.Debug|x64.ActiveCfg = Debug|Any CPU
		{42C1339B-D4FD-42C4-A08E-D060C0B2C239}.Debug|x64.Build.0 = Debug|Any CPU
		{42C1339B-D4FD-42C4-A08E-D060C0B2C239}.Debug|x86.ActiveCfg = Debug|Any CPU
		{42C1339B-D4FD-42C4-A08E-D060C0B2C239}.Debug|x86.Build.0 = Debug|Any CPU
		{42C1339B-D4FD-42C4-A08E-D060C0B2C239}.Release|Any CPU.ActiveCfg = Release|Any CPU
		{42C1339B-D4FD-42C4-A08E-D060C0B2C239}.Release|Any CPU.Build.0 = Release|Any CPU
		{42C1339B-D4FD-42C4-A08E-D060C0B2C239}.Release|x64.ActiveCfg = Release|Any CPU
		{42C1339B-D4FD-42C4-A08E-D060C0B2C239}.Release|x64.Build.0 = Release|Any CPU
		{42C1339B-D4FD-42C4-A08E-D060C0B2C239}.Release|x86.ActiveCfg = Release|Any CPU
		{42C1339B-D4FD-42C4-A08E-D060C0B2C239}.Release|x86.Build.0 = Release|Any CPU
		{140C39EE-46B9-4AF3-AC5D-FFA378AF90EB}.Debug|Any CPU.ActiveCfg = Debug|Any CPU
		{140C39EE-46B9-4AF3-AC5D-FFA378AF90EB}.Debug|Any CPU.Build.0 = Debug|Any CPU
		{140C39EE-46B9-4AF3-AC5D-FFA378AF90EB}.Debug|x64.ActiveCfg = Debug|Any CPU
		{140C39EE-46B9-4AF3-AC5D-FFA378AF90EB}.Debug|x64.Build.0 = Debug|Any CPU
		{140C39EE-46B9-4AF3-AC5D-FFA378AF90EB}.Debug|x86.ActiveCfg = Debug|Any CPU
		{140C39EE-46B9-4AF3-AC5D-FFA378AF90EB}.Debug|x86.Build.0 = Debug|Any CPU
		{140C39EE-46B9-4AF3-AC5D-FFA378AF90EB}.Release|Any CPU.ActiveCfg = Release|Any CPU
		{140C39EE-46B9-4AF3-AC5D-FFA378AF90EB}.Release|Any CPU.Build.0 = Release|Any CPU
		{140C39EE-46B9-4AF3-AC5D-FFA378AF90EB}.Release|x64.ActiveCfg = Release|Any CPU
		{140C39EE-46B9-4AF3-AC5D-FFA378AF90EB}.Release|x64.Build.0 = Release|Any CPU
		{140C39EE-46B9-4AF3-AC5D-FFA378AF90EB}.Release|x86.ActiveCfg = Release|Any CPU
		{140C39EE-46B9-4AF3-AC5D-FFA378AF90EB}.Release|x86.Build.0 = Release|Any CPU
		{6F822B18-73EF-4E26-BC02-4560F6E1C74A}.Debug|Any CPU.ActiveCfg = Debug|Any CPU
		{6F822B18-73EF-4E26-BC02-4560F6E1C74A}.Debug|Any CPU.Build.0 = Debug|Any CPU
		{6F822B18-73EF-4E26-BC02-4560F6E1C74A}.Debug|x64.ActiveCfg = Debug|Any CPU
		{6F822B18-73EF-4E26-BC02-4560F6E1C74A}.Debug|x64.Build.0 = Debug|Any CPU
		{6F822B18-73EF-4E26-BC02-4560F6E1C74A}.Debug|x86.ActiveCfg = Debug|Any CPU
		{6F822B18-73EF-4E26-BC02-4560F6E1C74A}.Debug|x86.Build.0 = Debug|Any CPU
		{6F822B18-73EF-4E26-BC02-4560F6E1C74A}.Release|Any CPU.ActiveCfg = Release|Any CPU
		{6F822B18-73EF-4E26-BC02-4560F6E1C74A}.Release|Any CPU.Build.0 = Release|Any CPU
		{6F822B18-73EF-4E26-BC02-4560F6E1C74A}.Release|x64.ActiveCfg = Release|Any CPU
		{6F822B18-73EF-4E26-BC02-4560F6E1C74A}.Release|x64.Build.0 = Release|Any CPU
		{6F822B18-73EF-4E26-BC02-4560F6E1C74A}.Release|x86.ActiveCfg = Release|Any CPU
		{6F822B18-73EF-4E26-BC02-4560F6E1C74A}.Release|x86.Build.0 = Release|Any CPU
		{5A211C19-F480-46F0-A38A-6782808F793D}.Debug|Any CPU.ActiveCfg = Debug|Any CPU
		{5A211C19-F480-46F0-A38A-6782808F793D}.Debug|Any CPU.Build.0 = Debug|Any CPU
		{5A211C19-F480-46F0-A38A-6782808F793D}.Debug|x64.ActiveCfg = Debug|Any CPU
		{5A211C19-F480-46F0-A38A-6782808F793D}.Debug|x64.Build.0 = Debug|Any CPU
		{5A211C19-F480-46F0-A38A-6782808F793D}.Debug|x86.ActiveCfg = Debug|Any CPU
		{5A211C19-F480-46F0-A38A-6782808F793D}.Debug|x86.Build.0 = Debug|Any CPU
		{5A211C19-F480-46F0-A38A-6782808F793D}.Release|Any CPU.ActiveCfg = Release|Any CPU
		{5A211C19-F480-46F0-A38A-6782808F793D}.Release|Any CPU.Build.0 = Release|Any CPU
		{5A211C19-F480-46F0-A38A-6782808F793D}.Release|x64.ActiveCfg = Release|Any CPU
		{5A211C19-F480-46F0-A38A-6782808F793D}.Release|x64.Build.0 = Release|Any CPU
		{5A211C19-F480-46F0-A38A-6782808F793D}.Release|x86.ActiveCfg = Release|Any CPU
		{5A211C19-F480-46F0-A38A-6782808F793D}.Release|x86.Build.0 = Release|Any CPU
		{789438E4-7424-4F25-88A2-823BAA9A93C9}.Debug|Any CPU.ActiveCfg = Debug|Any CPU
		{789438E4-7424-4F25-88A2-823BAA9A93C9}.Debug|Any CPU.Build.0 = Debug|Any CPU
		{789438E4-7424-4F25-88A2-823BAA9A93C9}.Debug|x64.ActiveCfg = Debug|Any CPU
		{789438E4-7424-4F25-88A2-823BAA9A93C9}.Debug|x64.Build.0 = Debug|Any CPU
		{789438E4-7424-4F25-88A2-823BAA9A93C9}.Debug|x86.ActiveCfg = Debug|Any CPU
		{789438E4-7424-4F25-88A2-823BAA9A93C9}.Debug|x86.Build.0 = Debug|Any CPU
		{789438E4-7424-4F25-88A2-823BAA9A93C9}.Release|Any CPU.ActiveCfg = Release|Any CPU
		{789438E4-7424-4F25-88A2-823BAA9A93C9}.Release|Any CPU.Build.0 = Release|Any CPU
		{789438E4-7424-4F25-88A2-823BAA9A93C9}.Release|x64.ActiveCfg = Release|Any CPU
		{789438E4-7424-4F25-88A2-823BAA9A93C9}.Release|x64.Build.0 = Release|Any CPU
		{789438E4-7424-4F25-88A2-823BAA9A93C9}.Release|x86.ActiveCfg = Release|Any CPU
		{789438E4-7424-4F25-88A2-823BAA9A93C9}.Release|x86.Build.0 = Release|Any CPU
		{43181871-3A0E-4D34-86F3-61BD41067101}.Debug|Any CPU.ActiveCfg = Debug|Any CPU
		{43181871-3A0E-4D34-86F3-61BD41067101}.Debug|Any CPU.Build.0 = Debug|Any CPU
		{43181871-3A0E-4D34-86F3-61BD41067101}.Debug|x64.ActiveCfg = Debug|Any CPU
		{43181871-3A0E-4D34-86F3-61BD41067101}.Debug|x64.Build.0 = Debug|Any CPU
		{43181871-3A0E-4D34-86F3-61BD41067101}.Debug|x86.ActiveCfg = Debug|Any CPU
		{43181871-3A0E-4D34-86F3-61BD41067101}.Debug|x86.Build.0 = Debug|Any CPU
		{43181871-3A0E-4D34-86F3-61BD41067101}.Release|Any CPU.ActiveCfg = Release|Any CPU
		{43181871-3A0E-4D34-86F3-61BD41067101}.Release|Any CPU.Build.0 = Release|Any CPU
		{43181871-3A0E-4D34-86F3-61BD41067101}.Release|x64.ActiveCfg = Release|Any CPU
		{43181871-3A0E-4D34-86F3-61BD41067101}.Release|x64.Build.0 = Release|Any CPU
		{43181871-3A0E-4D34-86F3-61BD41067101}.Release|x86.ActiveCfg = Release|Any CPU
		{43181871-3A0E-4D34-86F3-61BD41067101}.Release|x86.Build.0 = Release|Any CPU
		{A0A7256A-0A9B-4A01-96C5-6BD4DDA57B61}.Debug|Any CPU.ActiveCfg = Debug|Any CPU
		{A0A7256A-0A9B-4A01-96C5-6BD4DDA57B61}.Debug|Any CPU.Build.0 = Debug|Any CPU
		{A0A7256A-0A9B-4A01-96C5-6BD4DDA57B61}.Debug|x64.ActiveCfg = Debug|Any CPU
		{A0A7256A-0A9B-4A01-96C5-6BD4DDA57B61}.Debug|x64.Build.0 = Debug|Any CPU
		{A0A7256A-0A9B-4A01-96C5-6BD4DDA57B61}.Debug|x86.ActiveCfg = Debug|Any CPU
		{A0A7256A-0A9B-4A01-96C5-6BD4DDA57B61}.Debug|x86.Build.0 = Debug|Any CPU
		{A0A7256A-0A9B-4A01-96C5-6BD4DDA57B61}.Release|Any CPU.ActiveCfg = Release|Any CPU
		{A0A7256A-0A9B-4A01-96C5-6BD4DDA57B61}.Release|Any CPU.Build.0 = Release|Any CPU
		{A0A7256A-0A9B-4A01-96C5-6BD4DDA57B61}.Release|x64.ActiveCfg = Release|Any CPU
		{A0A7256A-0A9B-4A01-96C5-6BD4DDA57B61}.Release|x64.Build.0 = Release|Any CPU
		{A0A7256A-0A9B-4A01-96C5-6BD4DDA57B61}.Release|x86.ActiveCfg = Release|Any CPU
		{A0A7256A-0A9B-4A01-96C5-6BD4DDA57B61}.Release|x86.Build.0 = Release|Any CPU
		{1F3A7AC9-5C24-4036-B981-8AA1870FBF0C}.Debug|Any CPU.ActiveCfg = Debug|Any CPU
		{1F3A7AC9-5C24-4036-B981-8AA1870FBF0C}.Debug|Any CPU.Build.0 = Debug|Any CPU
		{1F3A7AC9-5C24-4036-B981-8AA1870FBF0C}.Debug|x64.ActiveCfg = Debug|Any CPU
		{1F3A7AC9-5C24-4036-B981-8AA1870FBF0C}.Debug|x64.Build.0 = Debug|Any CPU
		{1F3A7AC9-5C24-4036-B981-8AA1870FBF0C}.Debug|x86.ActiveCfg = Debug|Any CPU
		{1F3A7AC9-5C24-4036-B981-8AA1870FBF0C}.Debug|x86.Build.0 = Debug|Any CPU
		{1F3A7AC9-5C24-4036-B981-8AA1870FBF0C}.Release|Any CPU.ActiveCfg = Release|Any CPU
		{1F3A7AC9-5C24-4036-B981-8AA1870FBF0C}.Release|Any CPU.Build.0 = Release|Any CPU
		{1F3A7AC9-5C24-4036-B981-8AA1870FBF0C}.Release|x64.ActiveCfg = Release|Any CPU
		{1F3A7AC9-5C24-4036-B981-8AA1870FBF0C}.Release|x64.Build.0 = Release|Any CPU
		{1F3A7AC9-5C24-4036-B981-8AA1870FBF0C}.Release|x86.ActiveCfg = Release|Any CPU
		{1F3A7AC9-5C24-4036-B981-8AA1870FBF0C}.Release|x86.Build.0 = Release|Any CPU
		{3D73C7C4-279D-4F01-B0FD-CB10D5A490C4}.Debug|Any CPU.ActiveCfg = Debug|Any CPU
		{3D73C7C4-279D-4F01-B0FD-CB10D5A490C4}.Debug|Any CPU.Build.0 = Debug|Any CPU
		{3D73C7C4-279D-4F01-B0FD-CB10D5A490C4}.Debug|x64.ActiveCfg = Debug|Any CPU
		{3D73C7C4-279D-4F01-B0FD-CB10D5A490C4}.Debug|x64.Build.0 = Debug|Any CPU
		{3D73C7C4-279D-4F01-B0FD-CB10D5A490C4}.Debug|x86.ActiveCfg = Debug|Any CPU
		{3D73C7C4-279D-4F01-B0FD-CB10D5A490C4}.Debug|x86.Build.0 = Debug|Any CPU
		{3D73C7C4-279D-4F01-B0FD-CB10D5A490C4}.Release|Any CPU.ActiveCfg = Release|Any CPU
		{3D73C7C4-279D-4F01-B0FD-CB10D5A490C4}.Release|Any CPU.Build.0 = Release|Any CPU
		{3D73C7C4-279D-4F01-B0FD-CB10D5A490C4}.Release|x64.ActiveCfg = Release|Any CPU
		{3D73C7C4-279D-4F01-B0FD-CB10D5A490C4}.Release|x64.Build.0 = Release|Any CPU
		{3D73C7C4-279D-4F01-B0FD-CB10D5A490C4}.Release|x86.ActiveCfg = Release|Any CPU
		{3D73C7C4-279D-4F01-B0FD-CB10D5A490C4}.Release|x86.Build.0 = Release|Any CPU
		{AAE45EA8-8E7A-4EF1-A321-9E3F1574F11C}.Debug|Any CPU.ActiveCfg = Debug|Any CPU
		{AAE45EA8-8E7A-4EF1-A321-9E3F1574F11C}.Debug|Any CPU.Build.0 = Debug|Any CPU
		{AAE45EA8-8E7A-4EF1-A321-9E3F1574F11C}.Debug|x64.ActiveCfg = Debug|Any CPU
		{AAE45EA8-8E7A-4EF1-A321-9E3F1574F11C}.Debug|x64.Build.0 = Debug|Any CPU
		{AAE45EA8-8E7A-4EF1-A321-9E3F1574F11C}.Debug|x86.ActiveCfg = Debug|Any CPU
		{AAE45EA8-8E7A-4EF1-A321-9E3F1574F11C}.Debug|x86.Build.0 = Debug|Any CPU
		{AAE45EA8-8E7A-4EF1-A321-9E3F1574F11C}.Release|Any CPU.ActiveCfg = Release|Any CPU
		{AAE45EA8-8E7A-4EF1-A321-9E3F1574F11C}.Release|Any CPU.Build.0 = Release|Any CPU
		{AAE45EA8-8E7A-4EF1-A321-9E3F1574F11C}.Release|x64.ActiveCfg = Release|Any CPU
		{AAE45EA8-8E7A-4EF1-A321-9E3F1574F11C}.Release|x64.Build.0 = Release|Any CPU
		{AAE45EA8-8E7A-4EF1-A321-9E3F1574F11C}.Release|x86.ActiveCfg = Release|Any CPU
		{AAE45EA8-8E7A-4EF1-A321-9E3F1574F11C}.Release|x86.Build.0 = Release|Any CPU
		{0E04E9B7-8D8E-4AC3-9D8D-78E40B3A1FAA}.Debug|Any CPU.ActiveCfg = Debug|Any CPU
		{0E04E9B7-8D8E-4AC3-9D8D-78E40B3A1FAA}.Debug|Any CPU.Build.0 = Debug|Any CPU
		{0E04E9B7-8D8E-4AC3-9D8D-78E40B3A1FAA}.Debug|x64.ActiveCfg = Debug|Any CPU
		{0E04E9B7-8D8E-4AC3-9D8D-78E40B3A1FAA}.Debug|x64.Build.0 = Debug|Any CPU
		{0E04E9B7-8D8E-4AC3-9D8D-78E40B3A1FAA}.Debug|x86.ActiveCfg = Debug|Any CPU
		{0E04E9B7-8D8E-4AC3-9D8D-78E40B3A1FAA}.Debug|x86.Build.0 = Debug|Any CPU
		{0E04E9B7-8D8E-4AC3-9D8D-78E40B3A1FAA}.Release|Any CPU.ActiveCfg = Release|Any CPU
		{0E04E9B7-8D8E-4AC3-9D8D-78E40B3A1FAA}.Release|Any CPU.Build.0 = Release|Any CPU
		{0E04E9B7-8D8E-4AC3-9D8D-78E40B3A1FAA}.Release|x64.ActiveCfg = Release|Any CPU
		{0E04E9B7-8D8E-4AC3-9D8D-78E40B3A1FAA}.Release|x64.Build.0 = Release|Any CPU
		{0E04E9B7-8D8E-4AC3-9D8D-78E40B3A1FAA}.Release|x86.ActiveCfg = Release|Any CPU
		{0E04E9B7-8D8E-4AC3-9D8D-78E40B3A1FAA}.Release|x86.Build.0 = Release|Any CPU
		{D5C2F1C2-5288-4C1B-9C67-612C8F024AE4}.Debug|Any CPU.ActiveCfg = Debug|Any CPU
		{D5C2F1C2-5288-4C1B-9C67-612C8F024AE4}.Debug|Any CPU.Build.0 = Debug|Any CPU
		{D5C2F1C2-5288-4C1B-9C67-612C8F024AE4}.Debug|x64.ActiveCfg = Debug|Any CPU
		{D5C2F1C2-5288-4C1B-9C67-612C8F024AE4}.Debug|x64.Build.0 = Debug|Any CPU
		{D5C2F1C2-5288-4C1B-9C67-612C8F024AE4}.Debug|x86.ActiveCfg = Debug|Any CPU
		{D5C2F1C2-5288-4C1B-9C67-612C8F024AE4}.Debug|x86.Build.0 = Debug|Any CPU
		{D5C2F1C2-5288-4C1B-9C67-612C8F024AE4}.Release|Any CPU.ActiveCfg = Release|Any CPU
		{D5C2F1C2-5288-4C1B-9C67-612C8F024AE4}.Release|Any CPU.Build.0 = Release|Any CPU
		{D5C2F1C2-5288-4C1B-9C67-612C8F024AE4}.Release|x64.ActiveCfg = Release|Any CPU
		{D5C2F1C2-5288-4C1B-9C67-612C8F024AE4}.Release|x64.Build.0 = Release|Any CPU
		{D5C2F1C2-5288-4C1B-9C67-612C8F024AE4}.Release|x86.ActiveCfg = Release|Any CPU
		{D5C2F1C2-5288-4C1B-9C67-612C8F024AE4}.Release|x86.Build.0 = Release|Any CPU
		{C5905BD4-ECE7-402C-B6C7-6ED8B1C0EDAD}.Debug|Any CPU.ActiveCfg = Debug|Any CPU
		{C5905BD4-ECE7-402C-B6C7-6ED8B1C0EDAD}.Debug|Any CPU.Build.0 = Debug|Any CPU
		{C5905BD4-ECE7-402C-B6C7-6ED8B1C0EDAD}.Debug|x64.ActiveCfg = Debug|Any CPU
		{C5905BD4-ECE7-402C-B6C7-6ED8B1C0EDAD}.Debug|x64.Build.0 = Debug|Any CPU
		{C5905BD4-ECE7-402C-B6C7-6ED8B1C0EDAD}.Debug|x86.ActiveCfg = Debug|Any CPU
		{C5905BD4-ECE7-402C-B6C7-6ED8B1C0EDAD}.Debug|x86.Build.0 = Debug|Any CPU
		{C5905BD4-ECE7-402C-B6C7-6ED8B1C0EDAD}.Release|Any CPU.ActiveCfg = Release|Any CPU
		{C5905BD4-ECE7-402C-B6C7-6ED8B1C0EDAD}.Release|Any CPU.Build.0 = Release|Any CPU
		{C5905BD4-ECE7-402C-B6C7-6ED8B1C0EDAD}.Release|x64.ActiveCfg = Release|Any CPU
		{C5905BD4-ECE7-402C-B6C7-6ED8B1C0EDAD}.Release|x64.Build.0 = Release|Any CPU
		{C5905BD4-ECE7-402C-B6C7-6ED8B1C0EDAD}.Release|x86.ActiveCfg = Release|Any CPU
		{C5905BD4-ECE7-402C-B6C7-6ED8B1C0EDAD}.Release|x86.Build.0 = Release|Any CPU
		{02A10842-8085-4F7B-927C-42DDE3E331C4}.Debug|Any CPU.ActiveCfg = Debug|Any CPU
		{02A10842-8085-4F7B-927C-42DDE3E331C4}.Debug|Any CPU.Build.0 = Debug|Any CPU
		{02A10842-8085-4F7B-927C-42DDE3E331C4}.Debug|x64.ActiveCfg = Debug|Any CPU
		{02A10842-8085-4F7B-927C-42DDE3E331C4}.Debug|x64.Build.0 = Debug|Any CPU
		{02A10842-8085-4F7B-927C-42DDE3E331C4}.Debug|x86.ActiveCfg = Debug|Any CPU
		{02A10842-8085-4F7B-927C-42DDE3E331C4}.Debug|x86.Build.0 = Debug|Any CPU
		{02A10842-8085-4F7B-927C-42DDE3E331C4}.Release|Any CPU.ActiveCfg = Release|Any CPU
		{02A10842-8085-4F7B-927C-42DDE3E331C4}.Release|Any CPU.Build.0 = Release|Any CPU
		{02A10842-8085-4F7B-927C-42DDE3E331C4}.Release|x64.ActiveCfg = Release|Any CPU
		{02A10842-8085-4F7B-927C-42DDE3E331C4}.Release|x64.Build.0 = Release|Any CPU
		{02A10842-8085-4F7B-927C-42DDE3E331C4}.Release|x86.ActiveCfg = Release|Any CPU
		{02A10842-8085-4F7B-927C-42DDE3E331C4}.Release|x86.Build.0 = Release|Any CPU
		{D7ADC43C-EA51-4927-B1B2-3FE17E25CC16}.Debug|Any CPU.ActiveCfg = Debug|Any CPU
		{D7ADC43C-EA51-4927-B1B2-3FE17E25CC16}.Debug|Any CPU.Build.0 = Debug|Any CPU
		{D7ADC43C-EA51-4927-B1B2-3FE17E25CC16}.Debug|x64.ActiveCfg = Debug|Any CPU
		{D7ADC43C-EA51-4927-B1B2-3FE17E25CC16}.Debug|x64.Build.0 = Debug|Any CPU
		{D7ADC43C-EA51-4927-B1B2-3FE17E25CC16}.Debug|x86.ActiveCfg = Debug|Any CPU
		{D7ADC43C-EA51-4927-B1B2-3FE17E25CC16}.Debug|x86.Build.0 = Debug|Any CPU
		{D7ADC43C-EA51-4927-B1B2-3FE17E25CC16}.Release|Any CPU.ActiveCfg = Release|Any CPU
		{D7ADC43C-EA51-4927-B1B2-3FE17E25CC16}.Release|Any CPU.Build.0 = Release|Any CPU
		{D7ADC43C-EA51-4927-B1B2-3FE17E25CC16}.Release|x64.ActiveCfg = Release|Any CPU
		{D7ADC43C-EA51-4927-B1B2-3FE17E25CC16}.Release|x64.Build.0 = Release|Any CPU
		{D7ADC43C-EA51-4927-B1B2-3FE17E25CC16}.Release|x86.ActiveCfg = Release|Any CPU
		{D7ADC43C-EA51-4927-B1B2-3FE17E25CC16}.Release|x86.Build.0 = Release|Any CPU
		{E7EB8D7E-E4F2-4F1A-8EE6-0F0A8194530E}.Debug|Any CPU.ActiveCfg = Debug|Any CPU
		{E7EB8D7E-E4F2-4F1A-8EE6-0F0A8194530E}.Debug|Any CPU.Build.0 = Debug|Any CPU
		{E7EB8D7E-E4F2-4F1A-8EE6-0F0A8194530E}.Debug|x64.ActiveCfg = Debug|Any CPU
		{E7EB8D7E-E4F2-4F1A-8EE6-0F0A8194530E}.Debug|x64.Build.0 = Debug|Any CPU
		{E7EB8D7E-E4F2-4F1A-8EE6-0F0A8194530E}.Debug|x86.ActiveCfg = Debug|Any CPU
		{E7EB8D7E-E4F2-4F1A-8EE6-0F0A8194530E}.Debug|x86.Build.0 = Debug|Any CPU
		{E7EB8D7E-E4F2-4F1A-8EE6-0F0A8194530E}.Release|Any CPU.ActiveCfg = Release|Any CPU
		{E7EB8D7E-E4F2-4F1A-8EE6-0F0A8194530E}.Release|Any CPU.Build.0 = Release|Any CPU
		{E7EB8D7E-E4F2-4F1A-8EE6-0F0A8194530E}.Release|x64.ActiveCfg = Release|Any CPU
		{E7EB8D7E-E4F2-4F1A-8EE6-0F0A8194530E}.Release|x64.Build.0 = Release|Any CPU
		{E7EB8D7E-E4F2-4F1A-8EE6-0F0A8194530E}.Release|x86.ActiveCfg = Release|Any CPU
		{E7EB8D7E-E4F2-4F1A-8EE6-0F0A8194530E}.Release|x86.Build.0 = Release|Any CPU
		{588D2326-BAD8-473A-B421-DB8381512A21}.Debug|Any CPU.ActiveCfg = Debug|Any CPU
		{588D2326-BAD8-473A-B421-DB8381512A21}.Debug|Any CPU.Build.0 = Debug|Any CPU
		{588D2326-BAD8-473A-B421-DB8381512A21}.Debug|x64.ActiveCfg = Debug|Any CPU
		{588D2326-BAD8-473A-B421-DB8381512A21}.Debug|x64.Build.0 = Debug|Any CPU
		{588D2326-BAD8-473A-B421-DB8381512A21}.Debug|x86.ActiveCfg = Debug|Any CPU
		{588D2326-BAD8-473A-B421-DB8381512A21}.Debug|x86.Build.0 = Debug|Any CPU
		{588D2326-BAD8-473A-B421-DB8381512A21}.Release|Any CPU.ActiveCfg = Release|Any CPU
		{588D2326-BAD8-473A-B421-DB8381512A21}.Release|Any CPU.Build.0 = Release|Any CPU
		{588D2326-BAD8-473A-B421-DB8381512A21}.Release|x64.ActiveCfg = Release|Any CPU
		{588D2326-BAD8-473A-B421-DB8381512A21}.Release|x64.Build.0 = Release|Any CPU
		{588D2326-BAD8-473A-B421-DB8381512A21}.Release|x86.ActiveCfg = Release|Any CPU
		{588D2326-BAD8-473A-B421-DB8381512A21}.Release|x86.Build.0 = Release|Any CPU
		{2B94F94A-CEBC-4E82-9C72-8E90B518D4E4}.Debug|Any CPU.ActiveCfg = Debug|Any CPU
		{2B94F94A-CEBC-4E82-9C72-8E90B518D4E4}.Debug|Any CPU.Build.0 = Debug|Any CPU
		{2B94F94A-CEBC-4E82-9C72-8E90B518D4E4}.Debug|x64.ActiveCfg = Debug|Any CPU
		{2B94F94A-CEBC-4E82-9C72-8E90B518D4E4}.Debug|x64.Build.0 = Debug|Any CPU
		{2B94F94A-CEBC-4E82-9C72-8E90B518D4E4}.Debug|x86.ActiveCfg = Debug|Any CPU
		{2B94F94A-CEBC-4E82-9C72-8E90B518D4E4}.Debug|x86.Build.0 = Debug|Any CPU
		{2B94F94A-CEBC-4E82-9C72-8E90B518D4E4}.Release|Any CPU.ActiveCfg = Release|Any CPU
		{2B94F94A-CEBC-4E82-9C72-8E90B518D4E4}.Release|Any CPU.Build.0 = Release|Any CPU
		{2B94F94A-CEBC-4E82-9C72-8E90B518D4E4}.Release|x64.ActiveCfg = Release|Any CPU
		{2B94F94A-CEBC-4E82-9C72-8E90B518D4E4}.Release|x64.Build.0 = Release|Any CPU
		{2B94F94A-CEBC-4E82-9C72-8E90B518D4E4}.Release|x86.ActiveCfg = Release|Any CPU
		{2B94F94A-CEBC-4E82-9C72-8E90B518D4E4}.Release|x86.Build.0 = Release|Any CPU
		{496E71DD-953D-4DC9-B497-7A1D584FFB19}.Debug|Any CPU.ActiveCfg = Debug|Any CPU
		{496E71DD-953D-4DC9-B497-7A1D584FFB19}.Debug|Any CPU.Build.0 = Debug|Any CPU
		{496E71DD-953D-4DC9-B497-7A1D584FFB19}.Debug|x64.ActiveCfg = Debug|Any CPU
		{496E71DD-953D-4DC9-B497-7A1D584FFB19}.Debug|x64.Build.0 = Debug|Any CPU
		{496E71DD-953D-4DC9-B497-7A1D584FFB19}.Debug|x86.ActiveCfg = Debug|Any CPU
		{496E71DD-953D-4DC9-B497-7A1D584FFB19}.Debug|x86.Build.0 = Debug|Any CPU
		{496E71DD-953D-4DC9-B497-7A1D584FFB19}.Release|Any CPU.ActiveCfg = Release|Any CPU
		{496E71DD-953D-4DC9-B497-7A1D584FFB19}.Release|Any CPU.Build.0 = Release|Any CPU
		{496E71DD-953D-4DC9-B497-7A1D584FFB19}.Release|x64.ActiveCfg = Release|Any CPU
		{496E71DD-953D-4DC9-B497-7A1D584FFB19}.Release|x64.Build.0 = Release|Any CPU
		{496E71DD-953D-4DC9-B497-7A1D584FFB19}.Release|x86.ActiveCfg = Release|Any CPU
		{496E71DD-953D-4DC9-B497-7A1D584FFB19}.Release|x86.Build.0 = Release|Any CPU
		{0FEBE980-4A09-4CB1-9B31-3A11674538C8}.Debug|Any CPU.ActiveCfg = Debug|Any CPU
		{0FEBE980-4A09-4CB1-9B31-3A11674538C8}.Debug|Any CPU.Build.0 = Debug|Any CPU
		{0FEBE980-4A09-4CB1-9B31-3A11674538C8}.Debug|x64.ActiveCfg = Debug|Any CPU
		{0FEBE980-4A09-4CB1-9B31-3A11674538C8}.Debug|x64.Build.0 = Debug|Any CPU
		{0FEBE980-4A09-4CB1-9B31-3A11674538C8}.Debug|x86.ActiveCfg = Debug|Any CPU
		{0FEBE980-4A09-4CB1-9B31-3A11674538C8}.Debug|x86.Build.0 = Debug|Any CPU
		{0FEBE980-4A09-4CB1-9B31-3A11674538C8}.Release|Any CPU.ActiveCfg = Release|Any CPU
		{0FEBE980-4A09-4CB1-9B31-3A11674538C8}.Release|Any CPU.Build.0 = Release|Any CPU
		{0FEBE980-4A09-4CB1-9B31-3A11674538C8}.Release|x64.ActiveCfg = Release|Any CPU
		{0FEBE980-4A09-4CB1-9B31-3A11674538C8}.Release|x64.Build.0 = Release|Any CPU
		{0FEBE980-4A09-4CB1-9B31-3A11674538C8}.Release|x86.ActiveCfg = Release|Any CPU
		{0FEBE980-4A09-4CB1-9B31-3A11674538C8}.Release|x86.Build.0 = Release|Any CPU
		{B78A93BF-68C0-4BB0-BFE6-1C700EA19643}.Debug|Any CPU.ActiveCfg = Debug|Any CPU
		{B78A93BF-68C0-4BB0-BFE6-1C700EA19643}.Debug|Any CPU.Build.0 = Debug|Any CPU
		{B78A93BF-68C0-4BB0-BFE6-1C700EA19643}.Debug|x64.ActiveCfg = Debug|Any CPU
		{B78A93BF-68C0-4BB0-BFE6-1C700EA19643}.Debug|x64.Build.0 = Debug|Any CPU
		{B78A93BF-68C0-4BB0-BFE6-1C700EA19643}.Debug|x86.ActiveCfg = Debug|Any CPU
		{B78A93BF-68C0-4BB0-BFE6-1C700EA19643}.Debug|x86.Build.0 = Debug|Any CPU
		{B78A93BF-68C0-4BB0-BFE6-1C700EA19643}.Release|Any CPU.ActiveCfg = Release|Any CPU
		{B78A93BF-68C0-4BB0-BFE6-1C700EA19643}.Release|Any CPU.Build.0 = Release|Any CPU
		{B78A93BF-68C0-4BB0-BFE6-1C700EA19643}.Release|x64.ActiveCfg = Release|Any CPU
		{B78A93BF-68C0-4BB0-BFE6-1C700EA19643}.Release|x64.Build.0 = Release|Any CPU
		{B78A93BF-68C0-4BB0-BFE6-1C700EA19643}.Release|x86.ActiveCfg = Release|Any CPU
		{B78A93BF-68C0-4BB0-BFE6-1C700EA19643}.Release|x86.Build.0 = Release|Any CPU
		{1FB4C8F4-BA00-4840-9D04-C34301CE594C}.Debug|Any CPU.ActiveCfg = Debug|Any CPU
		{1FB4C8F4-BA00-4840-9D04-C34301CE594C}.Debug|Any CPU.Build.0 = Debug|Any CPU
		{1FB4C8F4-BA00-4840-9D04-C34301CE594C}.Debug|x64.ActiveCfg = Debug|Any CPU
		{1FB4C8F4-BA00-4840-9D04-C34301CE594C}.Debug|x64.Build.0 = Debug|Any CPU
		{1FB4C8F4-BA00-4840-9D04-C34301CE594C}.Debug|x86.ActiveCfg = Debug|Any CPU
		{1FB4C8F4-BA00-4840-9D04-C34301CE594C}.Debug|x86.Build.0 = Debug|Any CPU
		{1FB4C8F4-BA00-4840-9D04-C34301CE594C}.Release|Any CPU.ActiveCfg = Release|Any CPU
		{1FB4C8F4-BA00-4840-9D04-C34301CE594C}.Release|Any CPU.Build.0 = Release|Any CPU
		{1FB4C8F4-BA00-4840-9D04-C34301CE594C}.Release|x64.ActiveCfg = Release|Any CPU
		{1FB4C8F4-BA00-4840-9D04-C34301CE594C}.Release|x64.Build.0 = Release|Any CPU
		{1FB4C8F4-BA00-4840-9D04-C34301CE594C}.Release|x86.ActiveCfg = Release|Any CPU
		{1FB4C8F4-BA00-4840-9D04-C34301CE594C}.Release|x86.Build.0 = Release|Any CPU
		{D128A4DC-5546-4C2A-86B9-5E650D774CA5}.Debug|Any CPU.ActiveCfg = Debug|Any CPU
		{D128A4DC-5546-4C2A-86B9-5E650D774CA5}.Debug|Any CPU.Build.0 = Debug|Any CPU
		{D128A4DC-5546-4C2A-86B9-5E650D774CA5}.Debug|x64.ActiveCfg = Debug|Any CPU
		{D128A4DC-5546-4C2A-86B9-5E650D774CA5}.Debug|x64.Build.0 = Debug|Any CPU
		{D128A4DC-5546-4C2A-86B9-5E650D774CA5}.Debug|x86.ActiveCfg = Debug|Any CPU
		{D128A4DC-5546-4C2A-86B9-5E650D774CA5}.Debug|x86.Build.0 = Debug|Any CPU
		{D128A4DC-5546-4C2A-86B9-5E650D774CA5}.Release|Any CPU.ActiveCfg = Release|Any CPU
		{D128A4DC-5546-4C2A-86B9-5E650D774CA5}.Release|Any CPU.Build.0 = Release|Any CPU
		{D128A4DC-5546-4C2A-86B9-5E650D774CA5}.Release|x64.ActiveCfg = Release|Any CPU
		{D128A4DC-5546-4C2A-86B9-5E650D774CA5}.Release|x64.Build.0 = Release|Any CPU
		{D128A4DC-5546-4C2A-86B9-5E650D774CA5}.Release|x86.ActiveCfg = Release|Any CPU
		{D128A4DC-5546-4C2A-86B9-5E650D774CA5}.Release|x86.Build.0 = Release|Any CPU
		{9FE947F8-2283-433D-ABCC-76BC45FB5A73}.Debug|Any CPU.ActiveCfg = Debug|Any CPU
		{9FE947F8-2283-433D-ABCC-76BC45FB5A73}.Debug|Any CPU.Build.0 = Debug|Any CPU
		{9FE947F8-2283-433D-ABCC-76BC45FB5A73}.Debug|x64.ActiveCfg = Debug|Any CPU
		{9FE947F8-2283-433D-ABCC-76BC45FB5A73}.Debug|x64.Build.0 = Debug|Any CPU
		{9FE947F8-2283-433D-ABCC-76BC45FB5A73}.Debug|x86.ActiveCfg = Debug|Any CPU
		{9FE947F8-2283-433D-ABCC-76BC45FB5A73}.Debug|x86.Build.0 = Debug|Any CPU
		{9FE947F8-2283-433D-ABCC-76BC45FB5A73}.Release|Any CPU.ActiveCfg = Release|Any CPU
		{9FE947F8-2283-433D-ABCC-76BC45FB5A73}.Release|Any CPU.Build.0 = Release|Any CPU
		{9FE947F8-2283-433D-ABCC-76BC45FB5A73}.Release|x64.ActiveCfg = Release|Any CPU
		{9FE947F8-2283-433D-ABCC-76BC45FB5A73}.Release|x64.Build.0 = Release|Any CPU
		{9FE947F8-2283-433D-ABCC-76BC45FB5A73}.Release|x86.ActiveCfg = Release|Any CPU
		{9FE947F8-2283-433D-ABCC-76BC45FB5A73}.Release|x86.Build.0 = Release|Any CPU
		{4DD681E2-C9DF-4E77-BF8F-C4BC79022CCD}.Debug|Any CPU.ActiveCfg = Debug|Any CPU
		{4DD681E2-C9DF-4E77-BF8F-C4BC79022CCD}.Debug|Any CPU.Build.0 = Debug|Any CPU
		{4DD681E2-C9DF-4E77-BF8F-C4BC79022CCD}.Debug|x64.ActiveCfg = Debug|Any CPU
		{4DD681E2-C9DF-4E77-BF8F-C4BC79022CCD}.Debug|x64.Build.0 = Debug|Any CPU
		{4DD681E2-C9DF-4E77-BF8F-C4BC79022CCD}.Debug|x86.ActiveCfg = Debug|Any CPU
		{4DD681E2-C9DF-4E77-BF8F-C4BC79022CCD}.Debug|x86.Build.0 = Debug|Any CPU
		{4DD681E2-C9DF-4E77-BF8F-C4BC79022CCD}.Release|Any CPU.ActiveCfg = Release|Any CPU
		{4DD681E2-C9DF-4E77-BF8F-C4BC79022CCD}.Release|Any CPU.Build.0 = Release|Any CPU
		{4DD681E2-C9DF-4E77-BF8F-C4BC79022CCD}.Release|x64.ActiveCfg = Release|Any CPU
		{4DD681E2-C9DF-4E77-BF8F-C4BC79022CCD}.Release|x64.Build.0 = Release|Any CPU
		{4DD681E2-C9DF-4E77-BF8F-C4BC79022CCD}.Release|x86.ActiveCfg = Release|Any CPU
		{4DD681E2-C9DF-4E77-BF8F-C4BC79022CCD}.Release|x86.Build.0 = Release|Any CPU
		{91D993F9-F54D-4F43-B54E-35E03570F8D9}.Debug|Any CPU.ActiveCfg = Debug|Any CPU
		{91D993F9-F54D-4F43-B54E-35E03570F8D9}.Debug|Any CPU.Build.0 = Debug|Any CPU
		{91D993F9-F54D-4F43-B54E-35E03570F8D9}.Debug|x64.ActiveCfg = Debug|Any CPU
		{91D993F9-F54D-4F43-B54E-35E03570F8D9}.Debug|x64.Build.0 = Debug|Any CPU
		{91D993F9-F54D-4F43-B54E-35E03570F8D9}.Debug|x86.ActiveCfg = Debug|Any CPU
		{91D993F9-F54D-4F43-B54E-35E03570F8D9}.Debug|x86.Build.0 = Debug|Any CPU
		{91D993F9-F54D-4F43-B54E-35E03570F8D9}.Release|Any CPU.ActiveCfg = Release|Any CPU
		{91D993F9-F54D-4F43-B54E-35E03570F8D9}.Release|Any CPU.Build.0 = Release|Any CPU
		{91D993F9-F54D-4F43-B54E-35E03570F8D9}.Release|x64.ActiveCfg = Release|Any CPU
		{91D993F9-F54D-4F43-B54E-35E03570F8D9}.Release|x64.Build.0 = Release|Any CPU
		{91D993F9-F54D-4F43-B54E-35E03570F8D9}.Release|x86.ActiveCfg = Release|Any CPU
		{91D993F9-F54D-4F43-B54E-35E03570F8D9}.Release|x86.Build.0 = Release|Any CPU
	EndGlobalSection
	GlobalSection(SolutionProperties) = preSolution
		HideSolutionNode = FALSE
	EndGlobalSection
	GlobalSection(NestedProjects) = preSolution
		{7120913E-9E7B-6BB4-0F5A-35D149AD7A91} = {827E0CD3-B72D-47B6-A68D-7590B98EB39B}
		{4F92E66A-B56A-6EAB-998D-6DDA06EC3E93} = {827E0CD3-B72D-47B6-A68D-7590B98EB39B}
		{8621B725-1A7C-49EC-9F07-6D2F63C87C52} = {827E0CD3-B72D-47B6-A68D-7590B98EB39B}
		{42C1339B-D4FD-42C4-A08E-D060C0B2C239} = {827E0CD3-B72D-47B6-A68D-7590B98EB39B}
		{140C39EE-46B9-4AF3-AC5D-FFA378AF90EB} = {827E0CD3-B72D-47B6-A68D-7590B98EB39B}
		{6F822B18-73EF-4E26-BC02-4560F6E1C74A} = {0AB3BF05-4346-4AA6-1389-037BE0695223}
		{5A211C19-F480-46F0-A38A-6782808F793D} = {0AB3BF05-4346-4AA6-1389-037BE0695223}
		{789438E4-7424-4F25-88A2-823BAA9A93C9} = {827E0CD3-B72D-47B6-A68D-7590B98EB39B}
		{43181871-3A0E-4D34-86F3-61BD41067101} = {827E0CD3-B72D-47B6-A68D-7590B98EB39B}
		{A0A7256A-0A9B-4A01-96C5-6BD4DDA57B61} = {0AB3BF05-4346-4AA6-1389-037BE0695223}
		{1F3A7AC9-5C24-4036-B981-8AA1870FBF0C} = {0AB3BF05-4346-4AA6-1389-037BE0695223}
		{3D73C7C4-279D-4F01-B0FD-CB10D5A490C4} = {0AB3BF05-4346-4AA6-1389-037BE0695223}
		{AAE45EA8-8E7A-4EF1-A321-9E3F1574F11C} = {0AB3BF05-4346-4AA6-1389-037BE0695223}
		{0E04E9B7-8D8E-4AC3-9D8D-78E40B3A1FAA} = {0AB3BF05-4346-4AA6-1389-037BE0695223}
		{D5C2F1C2-5288-4C1B-9C67-612C8F024AE4} = {5D20AA90-6969-D8BD-9DCD-8634F4692FDA}
		{C5905BD4-ECE7-402C-B6C7-6ED8B1C0EDAD} = {5D20AA90-6969-D8BD-9DCD-8634F4692FDA}
		{02A10842-8085-4F7B-927C-42DDE3E331C4} = {6E2FE062-9B99-4A8E-94A4-8F13086D3112}
		{D7ADC43C-EA51-4927-B1B2-3FE17E25CC16} = {827E0CD3-B72D-47B6-A68D-7590B98EB39B}
		{E7EB8D7E-E4F2-4F1A-8EE6-0F0A8194530E} = {827E0CD3-B72D-47B6-A68D-7590B98EB39B}
		{588D2326-BAD8-473A-B421-DB8381512A21} = {827E0CD3-B72D-47B6-A68D-7590B98EB39B}
		{496E71DD-953D-4DC9-B497-7A1D584FFB19} = {827E0CD3-B72D-47B6-A68D-7590B98EB39B}
		{0FEBE980-4A09-4CB1-9B31-3A11674538C8} = {827E0CD3-B72D-47B6-A68D-7590B98EB39B}
		{B78A93BF-68C0-4BB0-BFE6-1C700EA19643} = {5D20AA90-6969-D8BD-9DCD-8634F4692FDA}
		{D128A4DC-5546-4C2A-86B9-5E650D774CA5} = {827E0CD3-B72D-47B6-A68D-7590B98EB39B}
		{9FE947F8-2283-433D-ABCC-76BC45FB5A73} = {827E0CD3-B72D-47B6-A68D-7590B98EB39B}
		{4DD681E2-C9DF-4E77-BF8F-C4BC79022CCD} = {0AB3BF05-4346-4AA6-1389-037BE0695223}
		{91D993F9-F54D-4F43-B54E-35E03570F8D9} = {0AB3BF05-4346-4AA6-1389-037BE0695223}
		{1FB4C8F4-BA00-4840-9D04-C34301CE594C} = {5D20AA90-6969-D8BD-9DCD-8634F4692FDA}
	EndGlobalSection
	GlobalSection(ExtensibilityGlobals) = postSolution
		SolutionGuid = {C7C79EEC-9CBF-407E-A9F8-231629560950}
	EndGlobalSection
EndGlobal
